{
  "name": "dsh-claude-move",
  "version": "0.4.10",
  "lockfileVersion": 3,
  "requires": true,
  "packages": {
    "": {
      "name": "dsh-claude-move",
      "version": "0.4.10",
      "license": "Apache-2.0",
      "devDependencies": {
        "@deepseek-ai/cordis": "^4.0.4",
        "@deepseek-ai/cordis-plugin-include": "^1.0.7",
        "@deepseek-ai/cordis-plugin-loader": "^1.0.3",
        "@deepseek-ai/cosmokit": "^1.8.4",
        "@deepseek-ai/dsh-agent": "0.1.7-alpha.2",
        "@deepseek-ai/dsh-attachment": "0.1.7-alpha.2",
        "@deepseek-ai/dsh-brand": "0.1.7-alpha.2",
        "@deepseek-ai/dsh-commands": "0.1.7-alpha.2",
        "@deepseek-ai/dsh-invariants": "0.1.7-alpha.2",
        "@deepseek-ai/dsh-llm": "0.1.7-alpha.2",
        "@deepseek-ai/dsh-sandbox": "0.1.7-alpha.2",
        "@deepseek-ai/dsh-scope": "0.1.7-alpha.2",
        "@deepseek-ai/dsh-session": "0.1.7-alpha.2",
        "@deepseek-ai/dsh-session-projection": "0.1.7-alpha.2",
        "@deepseek-ai/dsh-system-prompt": "0.1.7-alpha.2",
        "@deepseek-ai/dsh-timeout": "0.1.7-alpha.2",
        "@deepseek-ai/dsh-tools": "0.1.7-alpha.2",
        "@deepseek-ai/dsh-typert-protocol": "0.1.7-alpha.2",
        "@deepseek-ai/dsh-user-approval": "0.1.7-alpha.2",
        "@types/node": "^22.0.0",
        "oxlint": "^0.18.1",
        "typescript": "^5.9.0"
      },
      "engines": {
        "dsh": ">=0.1.2-rc.1 <0.2.0 || >=0.1.5-alpha.1 <0.2.0 || >=0.1.6-0 <0.2.0 || >=0.1.7-0 <0.2.0",
        "node": "^22.19.0 || >=24.0.0"
      },
      "funding": {
        "type": "individual",
        "url": "https://github.com/sponsors/PerryLink"
      },
      "peerDependencies": {
        "@deepseek-ai/cordis": "^4.0.4",
        "@deepseek-ai/dsh-tools": ">=0.1.2-rc.1 <0.2.0 || >=0.1.5-alpha.1 <0.2.0 || >=0.1.6-0 <0.2.0 || >=0.1.7-0 <0.2.0",
        "@deepseek-ai/schemastery": "^3.18.4"
      }
    },
    "node_modules/@deepseek-ai/cordis": {
      "version": "4.0.4",
      "resolved": "https://registry.npmjs.org/@deepseek-ai/cordis/-/cordis-4.0.4.tgz",
      "integrity": "sha512-obgyxqWAmFn3Re8kvsuUnyW+ihrz6eJCnJO4fh1cQzDtmPYz/zzVeUkH9R94I0OwSVOocK67Kgakm04j/oQXzg==",
      "dev": true,
      "license": "MIT",
      "dependencies": {
        "@deepseek-ai/cosmokit": "~1.8.5",
        "@standard-schema/spec": "^1.1.0"
      },
      "bin": {
        "cordis": "bin.js"
      },
      "peerDependencies": {
        "@deepseek-ai/cordis-plugin-include": "~1.0.9",
        "@deepseek-ai/cordis-plugin-loader": "~1.0.5"
      },
      "peerDependenciesMeta": {
        "@deepseek-ai/cordis-plugin-include": {
          "optional": true
        },
        "@deepseek-ai/cordis-plugin-loader": {
          "optional": true
        }
      }
    },
    "node_modules/@deepseek-ai/cordis-plugin-include": {
      "version": "1.0.7",
      "resolved": "https://registry.npmjs.org/@deepseek-ai/cordis-plugin-include/-/cordis-plugin-include-1.0.7.tgz",
      "integrity": "sha512-bZ4S1YuOmwOeE97HnslQ6ggVQbaWz4GejJ8OcY4P/DIyc1Qhu/3Szt1XSw6c/pd37kRkxxJXGwt4cmCxWSBBuw==",
      "dev": true,
      "license": "MIT",
      "dependencies": {
        "@deepseek-ai/cosmokit": "^1.8.3",
        "js-yaml": "^4.1.0"
      },
      "peerDependencies": {
        "@deepseek-ai/cordis": "^4.0.2",
        "@deepseek-ai/cordis-plugin-loader": "^1.0.3"
      }
    },
    "node_modules/@deepseek-ai/cordis-plugin-loader": {
      "version": "1.0.3",
      "resolved": "https://registry.npmjs.org/@deepseek-ai/cordis-plugin-loader/-/cordis-plugin-loader-1.0.3.tgz",
      "integrity": "sha512-YNcHiH7TRFrgnRbQU7qdS1spABUFFHg04QpB9DdboPEjgKLTFfeEAvr6Y7qll3/nGgqywDQdk1tYshqKO0p1WQ==",
      "dev": true,
      "license": "MIT",
      "dependencies": {
        "@deepseek-ai/cosmokit": "^1.8.3"
      },
      "peerDependencies": {
        "@deepseek-ai/cordis": "^4.0.2",
        "node-addon-require-builtin": "^0.1.4"
      },
      "peerDependenciesMeta": {
        "node-addon-require-builtin": {
          "optional": true
        }
      }
    },
    "node_modules/@deepseek-ai/cosmokit": {
      "version": "1.8.5",
      "resolved": "https://registry.npmjs.org/@deepseek-ai/cosmokit/-/cosmokit-1.8.5.tgz",
      "integrity": "sha512-LXsrlem9z8dq4sLflj2yuCuYX7KqhdzF5hZly3eZyuTo8d6oDSOXuEgC5DbQWKW+lksm6zmOutQLsP/ma6wR6A==",
      "dev": true,
      "license": "MIT"
    },
    "node_modules/@deepseek-ai/dsh-agent": {
      "version": "0.1.7-alpha.2",
      "resolved": "https://registry.npmjs.org/@deepseek-ai/dsh-agent/-/dsh-agent-0.1.7-alpha.2.tgz",
      "integrity": "sha512-jneRq1DJJTaQ6WrWQRuSPF7JoW22tAigzWkwfDXnI40vk6znhbe+Qsyb6w6+Yy6TueQ0FHtkx04POWABJoiW8w==",
      "dev": true,
      "license": "MIT",
      "peerDependencies": {
        "@deepseek-ai/cordis": "~4.0.4",
        "@deepseek-ai/dsh-invariants": "0.1.7-alpha.2",
        "@deepseek-ai/dsh-llm": "0.1.7-alpha.2",
        "@deepseek-ai/dsh-scope": "0.1.7-alpha.2",
        "@deepseek-ai/dsh-session": "0.1.7-alpha.2",
        "@deepseek-ai/dsh-session-projection": "0.1.7-alpha.2",
        "@deepseek-ai/dsh-system-prompt": "0.1.7-alpha.2",
        "@deepseek-ai/dsh-typert-protocol": "0.1.7-alpha.2",
        "@deepseek-ai/dsh-util-values": "0.1.7-alpha.2",
        "@deepseek-ai/dsh-workspace": "0.1.7-alpha.2"
      },
      "peerDependenciesMeta": {
        "@deepseek-ai/dsh-workspace": {
          "optional": true
        }
      }
    },
    "node_modules/@deepseek-ai/dsh-attachment": {
      "version": "0.1.7-alpha.2",
      "resolved": "https://registry.npmjs.org/@deepseek-ai/dsh-attachment/-/dsh-attachment-0.1.7-alpha.2.tgz",
      "integrity": "sha512-LBVgW6j5spzXbGRpO3FS8/jABoA+2v8YCsOawxrLyEc7jNgIvMpdMVbbjFf0G4tu/GAHNerVh4KFTC/7TNxosQ==",
      "dev": true,
      "license": "MIT",
      "peerDependencies": {
        "@deepseek-ai/cordis": "~4.0.4",
        "@deepseek-ai/dsh-brand": "0.1.7-alpha.2"
      }
    },
    "node_modules/@deepseek-ai/dsh-brand": {
      "version": "0.1.7-alpha.2",
      "resolved": "https://registry.npmjs.org/@deepseek-ai/dsh-brand/-/dsh-brand-0.1.7-alpha.2.tgz",
      "integrity": "sha512-0WLvVtzqj1c/lb4ZXCVn8wLETITswq4FOQlDW4F99844DsS/oEVpx15yZYSsTKCR24OMH2WQGNikSqRPEcpa1A==",
      "dev": true,
      "license": "MIT",
      "peerDependencies": {
        "@deepseek-ai/cordis": "~4.0.4"
      }
    },
    "node_modules/@deepseek-ai/dsh-commands": {
      "version": "0.1.7-alpha.2",
      "resolved": "https://registry.npmjs.org/@deepseek-ai/dsh-commands/-/dsh-commands-0.1.7-alpha.2.tgz",
      "integrity": "sha512-EKc+zK0k4jIk9XzOvl60l3NhUU416gqdw4SnRDuzsHzUB3sUWXPKvCtNXA8T+crjK3bgpw9Omk9iouHSwAP+fQ==",
      "dev": true,
      "license": "MIT",
      "dependencies": {
        "@deepseek-ai/dsh-util-crypto": "0.1.7-alpha.2",
        "zod": "^4.4.3"
      },
      "peerDependencies": {
        "@deepseek-ai/cordis": "~4.0.4",
        "@deepseek-ai/dsh-agent": "0.1.7-alpha.2",
        "@deepseek-ai/dsh-attachment": "0.1.7-alpha.2",
        "@deepseek-ai/dsh-brand": "0.1.7-alpha.2",
        "@deepseek-ai/dsh-invariants": "0.1.7-alpha.2",
        "@deepseek-ai/dsh-llm": "0.1.7-alpha.2",
        "@deepseek-ai/dsh-scope": "0.1.7-alpha.2",
        "@deepseek-ai/dsh-session": "0.1.7-alpha.2",
        "@deepseek-ai/dsh-typert-protocol": "0.1.7-alpha.2"
      }
    },
    "node_modules/@deepseek-ai/dsh-invariants": {
      "version": "0.1.7-alpha.2",
      "resolved": "https://registry.npmjs.org/@deepseek-ai/dsh-invariants/-/dsh-invariants-0.1.7-alpha.2.tgz",
      "integrity": "sha512-+HEU34B5JM0mL8ucID1TWAPJG5SWpI7pI+Tvey55tz3eUuzkQ4TxluzkWqGBVQUwXSNBHlvfR5h/5DgXSrZwgg==",
      "dev": true,
      "license": "MIT",
      "dependencies": {
        "@deepseek-ai/schemastery": "~3.18.4"
      },
      "peerDependencies": {
        "@deepseek-ai/cordis": "~4.0.4"
      }
    },
    "node_modules/@deepseek-ai/dsh-llm": {
      "version": "0.1.7-alpha.2",
      "resolved": "https://registry.npmjs.org/@deepseek-ai/dsh-llm/-/dsh-llm-0.1.7-alpha.2.tgz",
      "integrity": "sha512-pCYCDTbxFYCLwnhwJqau4SiQ7pv31Zfzk3IfIia87832Rzh6lPMGGgm4h5OSfJo0c/AxqChDhPrHsOvQ1sj67w==",
      "dev": true,
      "license": "MIT",
      "dependencies": {
        "@deepseek-ai/dsh-brand": "0.1.7-alpha.2",
        "@deepseek-ai/dsh-timeout": "0.1.7-alpha.2",
        "@deepseek-ai/dsh-typert-protocol": "0.1.7-alpha.2",
        "@deepseek-ai/dsh-util-crypto": "0.1.7-alpha.2",
        "@deepseek-ai/dsh-util-values": "0.1.7-alpha.2",
        "@deepseek-ai/schemastery": "~3.18.4",
        "zod": "^4.4.3"
      },
      "peerDependencies": {
        "@deepseek-ai/cordis": "~4.0.4"
      }
    },
    "node_modules/@deepseek-ai/dsh-sandbox": {
      "version": "0.1.7-alpha.2",
      "resolved": "https://registry.npmjs.org/@deepseek-ai/dsh-sandbox/-/dsh-sandbox-0.1.7-alpha.2.tgz",
      "integrity": "sha512-XlehMVQ70joCcFROkfbRPk+6OAefihyCcG5KeEvVEyj49KgmiUtsANa4x9cohi2LwegeCneLhWDdFOCbWc+4TA==",
      "dev": true,
      "license": "MIT",
      "dependencies": {
        "@deepseek-ai/dsh-util-values": "0.1.7-alpha.2"
      },
      "peerDependencies": {
        "@deepseek-ai/cordis": "~4.0.4",
        "@deepseek-ai/dsh-llm": "0.1.7-alpha.2",
        "@deepseek-ai/dsh-session": "0.1.7-alpha.2"
      }
    },
    "node_modules/@deepseek-ai/dsh-scope": {
      "version": "0.1.7-alpha.2",
      "resolved": "https://registry.npmjs.org/@deepseek-ai/dsh-scope/-/dsh-scope-0.1.7-alpha.2.tgz",
      "integrity": "sha512-cy79bwqucm4hNB4QG5TIrRD4IiRD9GiTLViDSQR7HVf7AhJN/ligIgBhviOiCoJYkzp5Bi79acR1L6raDgEY4A==",
      "dev": true,
      "license": "MIT",
      "peerDependencies": {
        "@deepseek-ai/cordis": "~4.0.4",
        "@deepseek-ai/dsh-invariants": "0.1.7-alpha.2"
      }
    },
    "node_modules/@deepseek-ai/dsh-session": {
      "version": "0.1.7-alpha.2",
      "resolved": "https://registry.npmjs.org/@deepseek-ai/dsh-session/-/dsh-session-0.1.7-alpha.2.tgz",
      "integrity": "sha512-0rRPX8JS4OLhAp2lF92UJNbNhh6cUDNxUUMmQjqrVwP/1i42e7UyN9t2qo0/QZuEAdMmbbpYLlO/PJCifTtktg==",
      "dev": true,
      "license": "MIT",
      "dependencies": {
        "@deepseek-ai/dsh-brand": "0.1.7-alpha.2",
        "@deepseek-ai/dsh-llm": "0.1.7-alpha.2",
        "@deepseek-ai/dsh-util-values": "0.1.7-alpha.2"
      },
      "peerDependencies": {
        "@deepseek-ai/cordis": "~4.0.4",
        "@deepseek-ai/dsh-scope": "0.1.7-alpha.2"
      }
    },
    "node_modules/@deepseek-ai/dsh-session-projection": {
      "version": "0.1.7-alpha.2",
      "resolved": "https://registry.npmjs.org/@deepseek-ai/dsh-session-projection/-/dsh-session-projection-0.1.7-alpha.2.tgz",
      "integrity": "sha512-s3h3wUBF7ggVUiIeJtheY/GuBD5v6rtdbNP8R9SJlkaunes8p15THXy1ID5ar6yXCKcGWLI9bIGA+cjkyMag1w==",
      "dev": true,
      "license": "MIT",
      "dependencies": {
        "zod": "^4.4.3"
      },
      "peerDependencies": {
        "@deepseek-ai/cordis": "~4.0.4",
        "@deepseek-ai/dsh-session": "0.1.7-alpha.2"
      }
    },
    "node_modules/@deepseek-ai/dsh-system-prompt": {
      "version": "0.1.7-alpha.2",
      "resolved": "https://registry.npmjs.org/@deepseek-ai/dsh-system-prompt/-/dsh-system-prompt-0.1.7-alpha.2.tgz",
      "integrity": "sha512-f+uOC3k7F3iJJPgZODMRw+Lid6/H77G5/4qcmtNgssAWqoAqw9w9fZyH4e6bQCuDdOE/OHQb7O7i2YQlBU03pg==",
      "dev": true,
      "license": "MIT",
      "dependencies": {
        "@deepseek-ai/schemastery": "~3.18.4"
      },
      "peerDependencies": {
        "@deepseek-ai/cordis": "~4.0.4",
        "@deepseek-ai/dsh-invariants": "0.1.7-alpha.2",
        "@deepseek-ai/dsh-llm": "0.1.7-alpha.2",
        "@deepseek-ai/dsh-scope": "0.1.7-alpha.2"
      }
    },
    "node_modules/@deepseek-ai/dsh-timeout": {
      "version": "0.1.7-alpha.2",
      "resolved": "https://registry.npmjs.org/@deepseek-ai/dsh-timeout/-/dsh-timeout-0.1.7-alpha.2.tgz",
      "integrity": "sha512-NB5PR6hwGVCns9uUpz5iou0dBcqzsj87h0b2ZpvyFRhDRP2VhItXhFDzQC/i0oN3ZvM6cjlY12rJ49NxS19kmg==",
      "dev": true,
      "license": "MIT",
      "peerDependencies": {
        "@deepseek-ai/cordis": "~4.0.4"
      }
    },
    "node_modules/@deepseek-ai/dsh-tools": {
      "version": "0.1.7-alpha.2",
      "resolved": "https://registry.npmjs.org/@deepseek-ai/dsh-tools/-/dsh-tools-0.1.7-alpha.2.tgz",
      "integrity": "sha512-efOdTGEryI1uMSTDA6FdR1wu/w62TxHc7mE64IoljE2KFYKoJ/C3T2+KAtzON9P3jB2nM/VmlVhk5D5R3A/4wQ==",
      "dev": true,
      "license": "MIT",
      "dependencies": {
        "@deepseek-ai/dsh-brand": "0.1.7-alpha.2",
        "@deepseek-ai/dsh-util-values": "0.1.7-alpha.2",
        "@deepseek-ai/schemastery": "~3.18.4"
      },
      "peerDependencies": {
        "@deepseek-ai/cordis": "~4.0.4",
        "@deepseek-ai/dsh-agent": "0.1.7-alpha.2",
        "@deepseek-ai/dsh-invariants": "0.1.7-alpha.2",
        "@deepseek-ai/dsh-llm": "0.1.7-alpha.2",
        "@deepseek-ai/dsh-ptc-runtime": "0.1.7-alpha.2",
        "@deepseek-ai/dsh-sandbox": "0.1.7-alpha.2",
        "@deepseek-ai/dsh-sandbox-policy": "0.1.7-alpha.2",
        "@deepseek-ai/dsh-scope": "0.1.7-alpha.2",
        "@deepseek-ai/dsh-session": "0.1.7-alpha.2",
        "@deepseek-ai/dsh-system-prompt": "0.1.7-alpha.2",
        "@deepseek-ai/dsh-user-approval": "0.1.7-alpha.2"
      }
    },
    "node_modules/@deepseek-ai/dsh-typert-protocol": {
      "version": "0.1.7-alpha.2",
      "resolved": "https://registry.npmjs.org/@deepseek-ai/dsh-typert-protocol/-/dsh-typert-protocol-0.1.7-alpha.2.tgz",
      "integrity": "sha512-oaE3R5G+o2JFFxBo4koTP85TkIi2LiHhbCyglBIucPlhkTDbxfMhEyV2HfjcokSj7iFjQx+D3byMIOsQMF5RFw==",
      "dev": true,
      "license": "MIT",
      "dependencies": {
        "@deepseek-ai/dsh-brand": "0.1.7-alpha.2"
      },
      "peerDependencies": {
        "@deepseek-ai/cordis": "~4.0.4"
      }
    },
    "node_modules/@deepseek-ai/dsh-user-approval": {
      "version": "0.1.7-alpha.2",
      "resolved": "https://registry.npmjs.org/@deepseek-ai/dsh-user-approval/-/dsh-user-approval-0.1.7-alpha.2.tgz",
      "integrity": "sha512-hat31SSYu6pw15j10lsG1tJD1cTN2i9FuYUthQkKevJ3oyM6g+7uHOlCZ6ioH8Bp2znaHuxIbjo/my985hjTuQ==",
      "dev": true,
      "license": "MIT",
      "dependencies": {
        "@deepseek-ai/schemastery": "~3.18.4"
      },
      "peerDependencies": {
        "@deepseek-ai/cordis": "~4.0.4",
        "@deepseek-ai/dsh-agent": "0.1.7-alpha.2",
        "@deepseek-ai/dsh-brand": "0.1.7-alpha.2",
        "@deepseek-ai/dsh-invariants": "0.1.7-alpha.2",
        "@deepseek-ai/dsh-llm": "0.1.7-alpha.2",
        "@deepseek-ai/dsh-scope": "0.1.7-alpha.2",
        "@deepseek-ai/dsh-session": "0.1.7-alpha.2",
        "@deepseek-ai/dsh-system-prompt": "0.1.7-alpha.2"
      }
    },
    "node_modules/@deepseek-ai/dsh-util-crypto": {
      "version": "0.1.7-alpha.2",
      "resolved": "https://registry.npmjs.org/@deepseek-ai/dsh-util-crypto/-/dsh-util-crypto-0.1.7-alpha.2.tgz",
      "integrity": "sha512-vWku6bDu51rAqx0g12j9xh0S6FCSUYl6Lnb1seCVncz7jgCU6R8VA6b8WI8WQE0+wkrdRPbfhnKMF+9EsGTtUg==",
      "dev": true,
      "license": "MIT",
      "peerDependencies": {
        "@deepseek-ai/cordis": "~4.0.4"
      }
    },
    "node_modules/@deepseek-ai/dsh-util-values": {
      "version": "0.1.7-alpha.2",
      "resolved": "https://registry.npmjs.org/@deepseek-ai/dsh-util-values/-/dsh-util-values-0.1.7-alpha.2.tgz",
      "integrity": "sha512-6nuFmklLPCLLvM6WV1hUOZkG2JLKaYktaSBFGIe//DkCwagyq2EiU4Yz8uUa6oWyhXmo0TQ9YcRuPAkWmn+m9Q==",
      "dev": true,
      "license": "MIT",
      "peerDependencies": {
        "@deepseek-ai/cordis": "~4.0.4"
      }
    },
    "node_modules/@deepseek-ai/schemastery": {
      "version": "3.18.4",
      "resolved": "https://registry.npmjs.org/@deepseek-ai/schemastery/-/schemastery-3.18.4.tgz",
      "integrity": "sha512-SSXO6tYuyrIqKVbmOnIq0s+riUywYzouFMcnBluHF9n4KMo2G8HvEzhCYj6pj2617/glOjbJuVInJ9hfONsjkg==",
      "dev": true,
      "license": "MIT",
      "dependencies": {
        "@deepseek-ai/cosmokit": "~1.8.5",
        "@standard-schema/spec": "^1.1.0"
      }
    },
    "node_modules/@oxlint/darwin-arm64": {
      "version": "0.18.1",
      "resolved": "https://registry.npmjs.org/@oxlint/darwin-arm64/-/darwin-arm64-0.18.1.tgz",
      "integrity": "sha512-FqDrcQJmEGNkgmZgI4wbCrGyJl1tiRZa3udxvyYaXag8W80A0zLFNCyWVvHIgUJ0DHlZjRc7O72xUGjiyvQrqQ==",
      "cpu": [
        "arm64"
      ],
      "dev": true,
      "license": "MIT",
      "optional": true,
      "os": [
        "darwin"
      ]
    },
    "node_modules/@oxlint/darwin-x64": {
      "version": "0.18.1",
      "resolved": "https://registry.npmjs.org/@oxlint/darwin-x64/-/darwin-x64-0.18.1.tgz",
      "integrity": "sha512-YUcyWBJdNuMcJxAwdV/i25/kvnKrVsA+vLn7SsL87cAwiD//rqGdOixk0r8sKUYa71Kx3h0Fg2ToUOjdE6ddYw==",
      "cpu": [
        "x64"
      ],
      "dev": true,
      "license": "MIT",
      "optional": true,
      "os": [
        "darwin"
      ]
    },
    "node_modules/@oxlint/linux-arm64-gnu": {
      "version": "0.18.1",
      "resolved": "https://registry.npmjs.org/@oxlint/linux-arm64-gnu/-/linux-arm64-gnu-0.18.1.tgz",
      "integrity": "sha512-ol3jhmUv5VI/omMrt6DkwY/jVTSVJlflFyU1SnSb/BuVVf3TyBiCHmZ4wVtcrcT5k3sWjrvYWw2kSozvmuE4tg==",
      "cpu": [
        "arm64"
      ],
      "dev": true,
      "libc": [
        "glibc"
      ],
      "license": "MIT",
      "optional": true,
      "os": [
        "linux"
      ]
    },
    "node_modules/@oxlint/linux-arm64-musl": {
      "version": "0.18.1",
      "resolved": "https://registry.npmjs.org/@oxlint/linux-arm64-musl/-/linux-arm64-musl-0.18.1.tgz",
      "integrity": "sha512-iKDj1ZwlU4KpXuIL1qkVP6NJzri2VSJreqXCIAe1Bf5RZXMAGSO3xjldgiX+HBvFOKSBIarLcqONYDbYco9uaQ==",
      "cpu": [
        "arm64"
      ],
      "dev": true,
      "libc": [
        "musl"
      ],
      "license": "MIT",
      "optional": true,
      "os": [
        "linux"
      ]
    },
    "node_modules/@oxlint/linux-x64-gnu": {
      "version": "0.18.1",
      "resolved": "https://registry.npmjs.org/@oxlint/linux-x64-gnu/-/linux-x64-gnu-0.18.1.tgz",
      "integrity": "sha512-A3g+fZhlOivUdK7xU/IrbhBcMHig5GLrfMX0HYjXL1fiSqKYu9n1o1p42WpT6KfPL3L2uncSg/iyg7hspcN6qA==",
      "cpu": [
        "x64"
      ],
      "dev": true,
      "libc": [
        "glibc"
      ],
      "license": "MIT",
      "optional": true,
      "os": [
        "linux"
      ]
    },
    "node_modules/@oxlint/linux-x64-musl": {
      "version": "0.18.1",
      "resolved": "https://registry.npmjs.org/@oxlint/linux-x64-musl/-/linux-x64-musl-0.18.1.tgz",
      "integrity": "sha512-LA02SdATWZEZBy8ZZpR2GlUbDg7+Jq1/WKkywMXqxdClkcoyyFozj8aQD2iTMKELSra4OSyqqZpOYroqjSSKmw==",
      "cpu": [
        "x64"
      ],
      "dev": true,
      "libc": [
        "musl"
      ],
      "license": "MIT",
      "optional": true,
      "os": [
        "linux"
      ]
    },
    "node_modules/@oxlint/win32-arm64": {
      "version": "0.18.1",
      "resolved": "https://registry.npmjs.org/@oxlint/win32-arm64/-/win32-arm64-0.18.1.tgz",
      "integrity": "sha512-FNL+OxDflqLGXRgLxfBM/X4RnLYgtOKTsb1mNSqsjSCEfUi1Oqivh7KvZ09IfAMZeJ85/fL6EI6hSOyY7nNYUg==",
      "cpu": [
        "arm64"
      ],
      "dev": true,
      "license": "MIT",
      "optional": true,
      "os": [
        "win32"
      ]
    },
    "node_modules/@oxlint/win32-x64": {
      "version": "0.18.1",
      "resolved": "https://registry.npmjs.org/@oxlint/win32-x64/-/win32-x64-0.18.1.tgz",
      "integrity": "sha512-W+aVE9Siqs6Oe3NDaDOTTOYsN9X3znl+whfqWK1EcLpqJXX1kdB8Hf45HkGjqnHoFoP96GRgUnXQHQvmUybjvg==",
      "cpu": [
        "x64"
      ],
      "dev": true,
      "license": "MIT",
      "optional": true,
      "os": [
        "win32"
      ]
    },
    "node_modules/@standard-schema/spec": {
      "version": "1.1.0",
      "resolved": "https://registry.npmjs.org/@standard-schema/spec/-/spec-1.1.0.tgz",
      "integrity": "sha512-l2aFy5jALhniG5HgqrD6jXLi/rUWrKvqN/qJx6yoJsgKhblVd+iqqU4RCXavm/jPityDo5TCvKMnpjKnOriy0w==",
      "dev": true,
      "license": "MIT"
    },
    "node_modules/@types/node": {
      "version": "22.20.3",
      "resolved": "https://registry.npmjs.org/@types/node/-/node-22.20.3.tgz",
      "integrity": "sha512-DZmzkmwHzXrLPAXPyKNDzlIwMMUZCVacoD25ywdy5YTKGbOx/2ld+Q38Im2zJ0vBuZP5Prd3VZutKZyXwkOS8A==",
      "dev": true,
      "license": "MIT",
      "dependencies": {
        "undici-types": "~6.21.0"
      }
    },
    "node_modules/argparse": {
      "version": "2.0.1",
      "resolved": "https://registry.npmjs.org/argparse/-/argparse-2.0.1.tgz",
      "integrity": "sha512-8+9WqebbFzpX9OR+Wa6O29asIogeRMzcGtAINdpMHHyAg10f05aSFVBbcEqGf/PXw1EjAZ+q2/bEBg3DvurK3Q==",
      "dev": true,
      "license": "Python-2.0"
    },
    "node_modules/js-yaml": {
      "version": "4.3.1",
      "resolved": "https://registry.npmjs.org/js-yaml/-/js-yaml-4.3.1.tgz",
      "integrity": "sha512-CY6crGq313MX8GkwvB7tzgp99vjQxY1++5y10/BKN/GUfHqWaOGQMNZkBvqSzsZKWk/ijwHlWzzkLulsGHhjWQ==",
      "dev": true,
      "funding": [
        {
          "type": "github",
          "url": "https://github.com/sponsors/puzrin"
        },
        {
          "type": "github",
          "url": "https://github.com/sponsors/nodeca"
        }
      ],
      "license": "MIT",
      "dependencies": {
        "argparse": "^2.0.1"
      },
      "bin": {
        "js-yaml": "bin/js-yaml.js"
      }
    },
    "node_modules/oxlint": {
      "version": "0.18.1",
      "resolved": "https://registry.npmjs.org/oxlint/-/oxlint-0.18.1.tgz",
      "integrity": "sha512-JGcQvbhd00Qb+nq4f9sYYRh7mZIb0K/7rbMepNdJDMzo8pbmBpx1N2XOG61RjHDsNnY6ImAmVk3h4QVwFenwUQ==",
      "dev": true,
      "license": "MIT",
      "bin": {
        "oxc_language_server": "bin/oxc_language_server",
        "oxlint": "bin/oxlint"
      },
      "engines": {
        "node": ">=8.*"
      },
      "funding": {
        "url": "https://github.com/sponsors/Boshen"
      },
      "optionalDependencies": {
        "@oxlint/darwin-arm64": "0.18.1",
        "@oxlint/darwin-x64": "0.18.1",
        "@oxlint/linux-arm64-gnu": "0.18.1",
        "@oxlint/linux-arm64-musl": "0.18.1",
        "@oxlint/linux-x64-gnu": "0.18.1",
        "@oxlint/linux-x64-musl": "0.18.1",
        "@oxlint/win32-arm64": "0.18.1",
        "@oxlint/win32-x64": "0.18.1"
      }
    },
    "node_modules/typescript": {
      "version": "5.9.3",
      "resolved": "https://registry.npmjs.org/typescript/-/typescript-5.9.3.tgz",
      "integrity": "sha512-jl1vZzPDinLr9eUt3J/t7V6FgNEw9QjvBPdysz9KfQDD41fQrC2Y4vKQdiaUpFT4bXlb1RHhLpp8wtm6M5TgSw==",
      "dev": true,
      "license": "Apache-2.0",
      "bin": {
        "tsc": "bin/tsc",
        "tsserver": "bin/tsserver"
      },
      "engines": {
        "node": ">=14.17"
      }
    },
    "node_modules/undici-types": {
      "version": "6.21.0",
      "resolved": "https://registry.npmjs.org/undici-types/-/undici-types-6.21.0.tgz",
      "integrity": "sha512-iwDZqg0QAGrg9Rav5H4n0M64c3mkR59cJ6wQp+7C4nI0gsmExaedaYLNO44eT4AtBBwjbTiGPMlt2Md0T9H9JQ==",
      "dev": true,
      "license": "MIT"
    },
    "node_modules/zod": {
      "version": "4.4.3",
      "resolved": "https://registry.npmjs.org/zod/-/zod-4.4.3.tgz",
      "integrity": "sha512-ytENFjIJFl2UwYglde2jchW2Hwm4GJFLDiSXWdTrJQBIN9Fcyp7n4DhxJEiWNAJMV1/BqWfW/kkg71UDcHJyTQ==",
      "dev": true,
      "license": "MIT",
      "funding": {
        "url": "https://github.com/sponsors/colinhacks"
      }
    }
  }
}
