lockfileVersion: '9.0'

settings:
  autoInstallPeers: true
  excludeLinksFromLockfile: false

importers:

  .:
    dependencies:
      '@deepseek-ai/schemastery':
        specifier: ^3.18.0
        version: 3.18.1
    devDependencies:
      '@deepseek-ai/cordis':
        specifier: ^4.0.1
        version: 4.0.1(@deepseek-ai/cordis-plugin-include@1.0.6)(@deepseek-ai/cordis-plugin-loader@1.0.2)
      '@deepseek-ai/cordis-plugin-include':
        specifier: ^1.0.6
        version: 1.0.6(@deepseek-ai/cordis-plugin-loader@1.0.2)(@deepseek-ai/cordis@4.0.1)
      '@deepseek-ai/cordis-plugin-loader':
        specifier: ^1.0.2
        version: 1.0.2(@deepseek-ai/cordis@4.0.1)
      '@deepseek-ai/dsh-agent':
        specifier: 0.1.2-alpha.2
        version: 0.1.2-alpha.2(e1ae0aee111ccebec0f9d17342d96d6e)
      '@deepseek-ai/dsh-attachment':
        specifier: 0.1.2-alpha.2
        version: 0.1.2-alpha.2(@deepseek-ai/cordis@4.0.1)(@deepseek-ai/dsh-brand@0.1.2-alpha.2(@deepseek-ai/cordis@4.0.1)(@deepseek-ai/dsh-invariants@0.1.2-alpha.2(@deepseek-ai/cordis@4.0.1)))(@deepseek-ai/dsh-invariants@0.1.2-alpha.2(@deepseek-ai/cordis@4.0.1))
      '@deepseek-ai/dsh-brand':
        specifier: 0.1.2-alpha.2
        version: 0.1.2-alpha.2(@deepseek-ai/cordis@4.0.1)(@deepseek-ai/dsh-invariants@0.1.2-alpha.2(@deepseek-ai/cordis@4.0.1))
      '@deepseek-ai/dsh-code-runtime':
        specifier: 0.1.2-alpha.2
        version: 0.1.2-alpha.2(@deepseek-ai/cordis@4.0.1)(@deepseek-ai/dsh-invariants@0.1.2-alpha.2(@deepseek-ai/cordis@4.0.1))
      '@deepseek-ai/dsh-commands':
        specifier: 0.1.2-alpha.2
        version: 0.1.2-alpha.2(c928b4a949ac4e781c4d4aa6b960516f)
      '@deepseek-ai/dsh-invariants':
        specifier: 0.1.2-alpha.2
        version: 0.1.2-alpha.2(@deepseek-ai/cordis@4.0.1)
      '@deepseek-ai/dsh-llm':
        specifier: 0.1.2-alpha.2
        version: 0.1.2-alpha.2(@deepseek-ai/cordis@4.0.1)(@deepseek-ai/dsh-invariants@0.1.2-alpha.2(@deepseek-ai/cordis@4.0.1))
      '@deepseek-ai/dsh-scope':
        specifier: 0.1.2-alpha.2
        version: 0.1.2-alpha.2(@deepseek-ai/cordis@4.0.1)(@deepseek-ai/dsh-invariants@0.1.2-alpha.2(@deepseek-ai/cordis@4.0.1))
      '@deepseek-ai/dsh-session':
        specifier: 0.1.2-alpha.2
        version: 0.1.2-alpha.2(@deepseek-ai/cordis@4.0.1)(@deepseek-ai/dsh-invariants@0.1.2-alpha.2(@deepseek-ai/cordis@4.0.1))(@deepseek-ai/dsh-scope@0.1.2-alpha.2(@deepseek-ai/cordis@4.0.1)(@deepseek-ai/dsh-invariants@0.1.2-alpha.2(@deepseek-ai/cordis@4.0.1)))
      '@deepseek-ai/dsh-system-prompt':
        specifier: 0.1.2-alpha.2
        version: 0.1.2-alpha.2(@deepseek-ai/cordis@4.0.1)(@deepseek-ai/dsh-invariants@0.1.2-alpha.2(@deepseek-ai/cordis@4.0.1))(@deepseek-ai/dsh-llm@0.1.2-alpha.2(@deepseek-ai/cordis@4.0.1)(@deepseek-ai/dsh-invariants@0.1.2-alpha.2(@deepseek-ai/cordis@4.0.1)))(@deepseek-ai/dsh-scope@0.1.2-alpha.2(@deepseek-ai/cordis@4.0.1)(@deepseek-ai/dsh-invariants@0.1.2-alpha.2(@deepseek-ai/cordis@4.0.1)))
      '@deepseek-ai/dsh-timeout':
        specifier: 0.1.2-alpha.2
        version: 0.1.2-alpha.2(@deepseek-ai/cordis@4.0.1)(@deepseek-ai/dsh-invariants@0.1.2-alpha.2(@deepseek-ai/cordis@4.0.1))
      '@deepseek-ai/dsh-tools':
        specifier: 0.1.2-alpha.2
        version: 0.1.2-alpha.2(6e5c466e50469dec0d4be0873919b970)
      '@deepseek-ai/dsh-typert-protocol':
        specifier: 0.1.2-alpha.2
        version: 0.1.2-alpha.2(@deepseek-ai/cordis@4.0.1)(@deepseek-ai/dsh-invariants@0.1.2-alpha.2(@deepseek-ai/cordis@4.0.1))
      '@deepseek-ai/dsh-user-approval':
        specifier: 0.1.2-alpha.2
        version: 0.1.2-alpha.2(0182f845ba8d4cdef8bde71f8a121f13)
      oxlint:
        specifier: ^0.18.1
        version: 0.18.1

packages:

  '@deepseek-ai/cordis-plugin-include@1.0.6':
    resolution: {integrity: sha512-i1VXrZCbv6tk/iUgedCNjrxxArbWT3IvRZGB5sdqJ3ectnihivXXQbRZ8JJ73DSmAPvlMGmrbtjFAfm10yvXRg==}
    peerDependencies:
      '@deepseek-ai/cordis': ^4.0.1
      '@deepseek-ai/cordis-plugin-loader': ^1.0.2

  '@deepseek-ai/cordis-plugin-loader@1.0.2':
    resolution: {integrity: sha512-RIW9hoVyhYDWdCI9BsvtZccPde1ECLC4OAxupwowGTak78vwVTVdb3HezTSOK1Y1/Ax3Ru0LA1pYOB04CnTxIQ==}
    peerDependencies:
      '@deepseek-ai/cordis': ^4.0.1
      node-addon-require-builtin: ^0.1.4
    peerDependenciesMeta:
      node-addon-require-builtin:
        optional: true

  '@deepseek-ai/cordis@4.0.1':
    resolution: {integrity: sha512-YBdskTU2Po1kru3GgcUWUbkTsPMA9LkSQDAY8rBkFJeajdgcQad3QPJZE26JyK99Xb6HaASvoXg2DSUTeN/0Nw==}
    hasBin: true
    peerDependencies:
      '@deepseek-ai/cordis-plugin-include': ^1.0.6
      '@deepseek-ai/cordis-plugin-loader': ^1.0.2
    peerDependenciesMeta:
      '@deepseek-ai/cordis-plugin-include':
        optional: true
      '@deepseek-ai/cordis-plugin-loader':
        optional: true

  '@deepseek-ai/cosmokit@1.8.2':
    resolution: {integrity: sha512-muBOKtSrUKU5m/xpq8ZXWL6hQ/jgd4PhU2PqH97bcxIiLEJfNwZOGQEx4t/aS/GgxRAR+ra9pMHPMtTHU4sqqA==}

  '@deepseek-ai/cosmokit@1.8.3':
    resolution: {integrity: sha512-qBo+ronVM6Eu2WNVJXi8JcMiqZ19T9BRIpV+5qJUFPXjGH/Z0QKcQMC/IZJ7L394YTOtJgcovbk9qP0w2GsBXQ==}

  '@deepseek-ai/dsh-agent@0.1.2-alpha.2':
    resolution: {integrity: sha512-K7B5XSQ7byB/IoNGj7n+lBgHCpVPJqEPvpGoHKc1dBS8fPo2yYp/ALFag4YOfrXVP3jQ9A8di20BbvIlp79SoA==}
    peerDependencies:
      '@deepseek-ai/cordis': ^4.0.2
      '@deepseek-ai/dsh-invariants': ^0.1.2-alpha.2
      '@deepseek-ai/dsh-llm': ^0.1.2-alpha.2
      '@deepseek-ai/dsh-scope': ^0.1.2-alpha.2
      '@deepseek-ai/dsh-session': ^0.1.2-alpha.2
      '@deepseek-ai/dsh-session-projection': ^0.1.2-alpha.2
      '@deepseek-ai/dsh-system-prompt': ^0.1.2-alpha.2
      '@deepseek-ai/dsh-typert-protocol': ^0.1.2-alpha.2

  '@deepseek-ai/dsh-attachment@0.1.2-alpha.2':
    resolution: {integrity: sha512-+e+zQCbBi94Jnyfpq/M+/J2R/66GbMh5zqr7yVdCjvAJp8d2hxQsZ0O/oaSV+iZQIMgJz+BcwvrS1VU+XmzQWg==}
    peerDependencies:
      '@deepseek-ai/cordis': ^4.0.2
      '@deepseek-ai/dsh-brand': ^0.1.2-alpha.2
      '@deepseek-ai/dsh-invariants': ^0.1.2-alpha.2

  '@deepseek-ai/dsh-brand@0.1.2-alpha.2':
    resolution: {integrity: sha512-sWFbShCe8LNLuqD3gdQeneUGxFtZ/rywe6Tmi2eteBDubecHnf04XurtF38Epno42bnNTMYWuKwt1cihcbHL3A==}
    peerDependencies:
      '@deepseek-ai/cordis': ^4.0.2
      '@deepseek-ai/dsh-invariants': ^0.1.2-alpha.2

  '@deepseek-ai/dsh-code-runtime@0.1.2-alpha.2':
    resolution: {integrity: sha512-KGUwcm4sSHjspQYr2Kj1DycaxnPzxg25sk3ychqbFG4cLcUA8W6eqQJEpEUgmnCOkDBx/j9oXvzNxp7XGMsRoQ==}
    peerDependencies:
      '@deepseek-ai/cordis': ^4.0.2
      '@deepseek-ai/dsh-invariants': ^0.1.2-alpha.2

  '@deepseek-ai/dsh-commands@0.1.2-alpha.2':
    resolution: {integrity: sha512-KkyNkD5V80h+xXsByGdXH8uvKo/5uflb1CSY8O8IrciuptaJdneSAmTFsjmCKAjqCTGgigk2VDw6mqPwux2JYg==}
    peerDependencies:
      '@deepseek-ai/cordis': ^4.0.2
      '@deepseek-ai/dsh-agent': ^0.1.2-alpha.2
      '@deepseek-ai/dsh-attachment': ^0.1.2-alpha.2
      '@deepseek-ai/dsh-brand': ^0.1.2-alpha.2
      '@deepseek-ai/dsh-invariants': ^0.1.2-alpha.2
      '@deepseek-ai/dsh-llm': ^0.1.2-alpha.2
      '@deepseek-ai/dsh-scope': ^0.1.2-alpha.2
      '@deepseek-ai/dsh-session': ^0.1.2-alpha.2
      '@deepseek-ai/dsh-typert-protocol': ^0.1.2-alpha.2

  '@deepseek-ai/dsh-invariants@0.1.2-alpha.2':
    resolution: {integrity: sha512-1ewUeCzUHbaqhtW5rG1/eujIXXzy2VhwvMa16RpcTuJp5qcU1NtAf/+COkmvI7qtkyNY61vWg1Ez5qL9hKIUpQ==}
    peerDependencies:
      '@deepseek-ai/cordis': ^4.0.2

  '@deepseek-ai/dsh-llm@0.1.2-alpha.2':
    resolution: {integrity: sha512-ip6yMxwHugxQm4VCbwX/FDnlTeeBM9VBkIn0+74ityQy7Z3yKREJ1Ov8Z04l4G3duRzeGRsQ4ztOFZ01oNfKIw==}
    peerDependencies:
      '@deepseek-ai/cordis': ^4.0.2

  '@deepseek-ai/dsh-scope@0.1.2-alpha.2':
    resolution: {integrity: sha512-jeWfQnftQeZOWujxndgU6kjoFuXGWqmFrkWAxlWmyeojK/iyZqAxayWPuhVUEgweh4EWJmn6rW5HV3E4DXWuWw==}
    peerDependencies:
      '@deepseek-ai/cordis': ^4.0.2
      '@deepseek-ai/dsh-invariants': ^0.1.2-alpha.2

  '@deepseek-ai/dsh-session-projection@0.1.2-alpha.2':
    resolution: {integrity: sha512-E5NYRAOQwiYYu56WSHTlnI2MkyqznA4ePlOdOQvpF97a7ZG2BkRfflwvQ5NHIPv8FABemoSCGMiI3/0GSfqvBg==}
    peerDependencies:
      '@deepseek-ai/cordis': ^4.0.2
      '@deepseek-ai/dsh-invariants': ^0.1.2-alpha.2
      '@deepseek-ai/dsh-session': ^0.1.2-alpha.2

  '@deepseek-ai/dsh-session@0.1.2-alpha.2':
    resolution: {integrity: sha512-RfikXscYTDXDr7CD7C/8oGJZaH8Egclj7pmXRtd90QcB5L8RIQ7069xrHZjds8OjNrFo69qQwNK3gYLUVZy9PA==}
    peerDependencies:
      '@deepseek-ai/cordis': ^4.0.2
      '@deepseek-ai/dsh-scope': ^0.1.2-alpha.2

  '@deepseek-ai/dsh-system-prompt@0.1.2-alpha.2':
    resolution: {integrity: sha512-qT9PZEVMAbszsg1UVUvuovfWFS5unjy08KV0rnOc89TJCgkb2CnlknSyIQs0lXc/UiqT6ZQ59i4ClAFrXhxfxQ==}
    peerDependencies:
      '@deepseek-ai/cordis': ^4.0.2
      '@deepseek-ai/dsh-invariants': ^0.1.2-alpha.2
      '@deepseek-ai/dsh-llm': ^0.1.2-alpha.2
      '@deepseek-ai/dsh-scope': ^0.1.2-alpha.2

  '@deepseek-ai/dsh-timeout@0.1.2-alpha.2':
    resolution: {integrity: sha512-8q5cd55aMoOvrPaqSws/3xiyzHhs1bfjdtAs4YHWimQgMd+yMrDnlu8i+zFOkWoSc0A2wPkXcCYR8xogl4gerA==}
    peerDependencies:
      '@deepseek-ai/cordis': ^4.0.2
      '@deepseek-ai/dsh-invariants': ^0.1.2-alpha.2

  '@deepseek-ai/dsh-tools@0.1.2-alpha.2':
    resolution: {integrity: sha512-trk0fkmCDp64pqdcr8u7rCcRrwNi+93FKuznTnCD+YsPGFygcSG/6n+Wsh4+9A6oI1fM4/Ecq6Baa9vq1sNhJg==}
    peerDependencies:
      '@deepseek-ai/cordis': ^4.0.2
      '@deepseek-ai/dsh-agent': ^0.1.2-alpha.2
      '@deepseek-ai/dsh-code-runtime': ^0.1.2-alpha.2
      '@deepseek-ai/dsh-invariants': ^0.1.2-alpha.2
      '@deepseek-ai/dsh-llm': ^0.1.2-alpha.2
      '@deepseek-ai/dsh-scope': ^0.1.2-alpha.2
      '@deepseek-ai/dsh-session': ^0.1.2-alpha.2
      '@deepseek-ai/dsh-system-prompt': ^0.1.2-alpha.2
      '@deepseek-ai/dsh-user-approval': ^0.1.2-alpha.2

  '@deepseek-ai/dsh-typert-protocol@0.1.2-alpha.2':
    resolution: {integrity: sha512-U3j/usWHRllaJMdTr4GuVkkUciHWyq01mvMtWeGT+RY2hb+ysTxeuLEiV0Lh5EyVScgFdDLbe/GtTZ2OkGsGwQ==}
    peerDependencies:
      '@deepseek-ai/cordis': ^4.0.2
      '@deepseek-ai/dsh-invariants': ^0.1.2-alpha.2

  '@deepseek-ai/dsh-user-approval@0.1.2-alpha.2':
    resolution: {integrity: sha512-CcV3hf2Q0NYxRbnlE+IysaUkq/hvmjlvS9OGiHpARZVY4VlidlZRmsy5g5L17vDoxirX+WBJ9Cc5VcJMcjPrUg==}
    peerDependencies:
      '@deepseek-ai/cordis': ^4.0.2
      '@deepseek-ai/dsh-agent': ^0.1.2-alpha.2
      '@deepseek-ai/dsh-brand': ^0.1.2-alpha.2
      '@deepseek-ai/dsh-invariants': ^0.1.2-alpha.2
      '@deepseek-ai/dsh-llm': ^0.1.2-alpha.2
      '@deepseek-ai/dsh-scope': ^0.1.2-alpha.2
      '@deepseek-ai/dsh-session': ^0.1.2-alpha.2
      '@deepseek-ai/dsh-system-prompt': ^0.1.2-alpha.2

  '@deepseek-ai/dsh-util-crypto@0.1.2-alpha.2':
    resolution: {integrity: sha512-03WVzlgLErJRRGMqaMdx5ufEoN3Scpdsnd0f8vXMhcbeEzKZ61lbI8z/m6ZttM/LhpzPALuFtDc5u+N5LFP8Fg==}
    peerDependencies:
      '@deepseek-ai/cordis': ^4.0.2
      '@deepseek-ai/dsh-invariants': ^0.1.2-alpha.2

  '@deepseek-ai/dsh-util-values@0.1.2-alpha.2':
    resolution: {integrity: sha512-ZyZHTqGQ/8S5ZYflTkuiZGPxhkuHa9Uy5G+teEmnmnkhiN/UVPGQvI//CXRNmxpTKjfx+qcVVmr5x6bohplsQg==}
    peerDependencies:
      '@deepseek-ai/cordis': ^4.0.2
      '@deepseek-ai/dsh-invariants': ^0.1.2-alpha.2

  '@deepseek-ai/schemastery@3.18.1':
    resolution: {integrity: sha512-Qn0FCSwCQnpnj6SB31I6i2sIKgKWnkbJM8O0EU91Gv2UsYVvtZTl6IA0sCwk2e2MZf5S8w5hpq9QkeVvK9qwxg==}

  '@deepseek-ai/schemastery@3.18.2':
    resolution: {integrity: sha512-njDtZsznjYxok7KLLlHOPyuv2efdWVbSflAHgztSfbMsg+CVraEoRe2DjOCgClYv3ZCSm7WXoaUkbB/+RY7tWQ==}

  '@oxlint/darwin-arm64@0.18.1':
    resolution: {integrity: sha512-FqDrcQJmEGNkgmZgI4wbCrGyJl1tiRZa3udxvyYaXag8W80A0zLFNCyWVvHIgUJ0DHlZjRc7O72xUGjiyvQrqQ==}
    cpu: [arm64]
    os: [darwin]

  '@oxlint/darwin-x64@0.18.1':
    resolution: {integrity: sha512-YUcyWBJdNuMcJxAwdV/i25/kvnKrVsA+vLn7SsL87cAwiD//rqGdOixk0r8sKUYa71Kx3h0Fg2ToUOjdE6ddYw==}
    cpu: [x64]
    os: [darwin]

  '@oxlint/linux-arm64-gnu@0.18.1':
    resolution: {integrity: sha512-ol3jhmUv5VI/omMrt6DkwY/jVTSVJlflFyU1SnSb/BuVVf3TyBiCHmZ4wVtcrcT5k3sWjrvYWw2kSozvmuE4tg==}
    cpu: [arm64]
    os: [linux]
    libc: [glibc]

  '@oxlint/linux-arm64-musl@0.18.1':
    resolution: {integrity: sha512-iKDj1ZwlU4KpXuIL1qkVP6NJzri2VSJreqXCIAe1Bf5RZXMAGSO3xjldgiX+HBvFOKSBIarLcqONYDbYco9uaQ==}
    cpu: [arm64]
    os: [linux]
    libc: [musl]

  '@oxlint/linux-x64-gnu@0.18.1':
    resolution: {integrity: sha512-A3g+fZhlOivUdK7xU/IrbhBcMHig5GLrfMX0HYjXL1fiSqKYu9n1o1p42WpT6KfPL3L2uncSg/iyg7hspcN6qA==}
    cpu: [x64]
    os: [linux]
    libc: [glibc]

  '@oxlint/linux-x64-musl@0.18.1':
    resolution: {integrity: sha512-LA02SdATWZEZBy8ZZpR2GlUbDg7+Jq1/WKkywMXqxdClkcoyyFozj8aQD2iTMKELSra4OSyqqZpOYroqjSSKmw==}
    cpu: [x64]
    os: [linux]
    libc: [musl]

  '@oxlint/win32-arm64@0.18.1':
    resolution: {integrity: sha512-FNL+OxDflqLGXRgLxfBM/X4RnLYgtOKTsb1mNSqsjSCEfUi1Oqivh7KvZ09IfAMZeJ85/fL6EI6hSOyY7nNYUg==}
    cpu: [arm64]
    os: [win32]

  '@oxlint/win32-x64@0.18.1':
    resolution: {integrity: sha512-W+aVE9Siqs6Oe3NDaDOTTOYsN9X3znl+whfqWK1EcLpqJXX1kdB8Hf45HkGjqnHoFoP96GRgUnXQHQvmUybjvg==}
    cpu: [x64]
    os: [win32]

  '@standard-schema/spec@1.1.0':
    resolution: {integrity: sha512-l2aFy5jALhniG5HgqrD6jXLi/rUWrKvqN/qJx6yoJsgKhblVd+iqqU4RCXavm/jPityDo5TCvKMnpjKnOriy0w==}

  argparse@2.0.1:
    resolution: {integrity: sha512-8+9WqebbFzpX9OR+Wa6O29asIogeRMzcGtAINdpMHHyAg10f05aSFVBbcEqGf/PXw1EjAZ+q2/bEBg3DvurK3Q==}

  js-yaml@4.3.2:
    resolution: {integrity: sha512-SFNOvSJ+Dgf/9An904Yx+CgSlIPCkIpao4qo51lpee25TIRejdH3rhR4EZMGoNx3/TP3O+wzWuiTFl4sqbltzA==}
    hasBin: true

  oxlint@0.18.1:
    resolution: {integrity: sha512-JGcQvbhd00Qb+nq4f9sYYRh7mZIb0K/7rbMepNdJDMzo8pbmBpx1N2XOG61RjHDsNnY6ImAmVk3h4QVwFenwUQ==}
    engines: {node: '>=8.*'}
    hasBin: true

  zod@4.5.4:
    resolution: {integrity: sha512-sC95tT5iHHH9gtpj6A81kh+NEaRAUFN+qlUPDUbRfOMvNf5QCBqsb3WgvnpVtK5Y+4UfA6KqufotuTvMGiTlsA==}

snapshots:

  '@deepseek-ai/cordis-plugin-include@1.0.6(@deepseek-ai/cordis-plugin-loader@1.0.2)(@deepseek-ai/cordis@4.0.1)':
    dependencies:
      '@deepseek-ai/cordis': 4.0.1(@deepseek-ai/cordis-plugin-include@1.0.6)(@deepseek-ai/cordis-plugin-loader@1.0.2)
      '@deepseek-ai/cordis-plugin-loader': 1.0.2(@deepseek-ai/cordis@4.0.1)
      '@deepseek-ai/cosmokit': 1.8.2
      js-yaml: 4.3.2

  '@deepseek-ai/cordis-plugin-loader@1.0.2(@deepseek-ai/cordis@4.0.1)':
    dependencies:
      '@deepseek-ai/cordis': 4.0.1(@deepseek-ai/cordis-plugin-include@1.0.6)(@deepseek-ai/cordis-plugin-loader@1.0.2)
      '@deepseek-ai/cosmokit': 1.8.2

  '@deepseek-ai/cordis@4.0.1(@deepseek-ai/cordis-plugin-include@1.0.6)(@deepseek-ai/cordis-plugin-loader@1.0.2)':
    dependencies:
      '@deepseek-ai/cosmokit': 1.8.2
      '@standard-schema/spec': 1.1.0
    optionalDependencies:
      '@deepseek-ai/cordis-plugin-include': 1.0.6(@deepseek-ai/cordis-plugin-loader@1.0.2)(@deepseek-ai/cordis@4.0.1)
      '@deepseek-ai/cordis-plugin-loader': 1.0.2(@deepseek-ai/cordis@4.0.1)

  '@deepseek-ai/cosmokit@1.8.2': {}

  '@deepseek-ai/cosmokit@1.8.3': {}

  '@deepseek-ai/dsh-agent@0.1.2-alpha.2(e1ae0aee111ccebec0f9d17342d96d6e)':
    dependencies:
      '@deepseek-ai/cordis': 4.0.1(@deepseek-ai/cordis-plugin-include@1.0.6)(@deepseek-ai/cordis-plugin-loader@1.0.2)
      '@deepseek-ai/dsh-invariants': 0.1.2-alpha.2(@deepseek-ai/cordis@4.0.1)
      '@deepseek-ai/dsh-llm': 0.1.2-alpha.2(@deepseek-ai/cordis@4.0.1)(@deepseek-ai/dsh-invariants@0.1.2-alpha.2(@deepseek-ai/cordis@4.0.1))
      '@deepseek-ai/dsh-scope': 0.1.2-alpha.2(@deepseek-ai/cordis@4.0.1)(@deepseek-ai/dsh-invariants@0.1.2-alpha.2(@deepseek-ai/cordis@4.0.1))
      '@deepseek-ai/dsh-session': 0.1.2-alpha.2(@deepseek-ai/cordis@4.0.1)(@deepseek-ai/dsh-invariants@0.1.2-alpha.2(@deepseek-ai/cordis@4.0.1))(@deepseek-ai/dsh-scope@0.1.2-alpha.2(@deepseek-ai/cordis@4.0.1)(@deepseek-ai/dsh-invariants@0.1.2-alpha.2(@deepseek-ai/cordis@4.0.1)))
      '@deepseek-ai/dsh-session-projection': 0.1.2-alpha.2(@deepseek-ai/cordis@4.0.1)(@deepseek-ai/dsh-invariants@0.1.2-alpha.2(@deepseek-ai/cordis@4.0.1))(@deepseek-ai/dsh-session@0.1.2-alpha.2(@deepseek-ai/cordis@4.0.1)(@deepseek-ai/dsh-invariants@0.1.2-alpha.2(@deepseek-ai/cordis@4.0.1))(@deepseek-ai/dsh-scope@0.1.2-alpha.2(@deepseek-ai/cordis@4.0.1)(@deepseek-ai/dsh-invariants@0.1.2-alpha.2(@deepseek-ai/cordis@4.0.1))))
      '@deepseek-ai/dsh-system-prompt': 0.1.2-alpha.2(@deepseek-ai/cordis@4.0.1)(@deepseek-ai/dsh-invariants@0.1.2-alpha.2(@deepseek-ai/cordis@4.0.1))(@deepseek-ai/dsh-llm@0.1.2-alpha.2(@deepseek-ai/cordis@4.0.1)(@deepseek-ai/dsh-invariants@0.1.2-alpha.2(@deepseek-ai/cordis@4.0.1)))(@deepseek-ai/dsh-scope@0.1.2-alpha.2(@deepseek-ai/cordis@4.0.1)(@deepseek-ai/dsh-invariants@0.1.2-alpha.2(@deepseek-ai/cordis@4.0.1)))
      '@deepseek-ai/dsh-typert-protocol': 0.1.2-alpha.2(@deepseek-ai/cordis@4.0.1)(@deepseek-ai/dsh-invariants@0.1.2-alpha.2(@deepseek-ai/cordis@4.0.1))

  '@deepseek-ai/dsh-attachment@0.1.2-alpha.2(@deepseek-ai/cordis@4.0.1)(@deepseek-ai/dsh-brand@0.1.2-alpha.2(@deepseek-ai/cordis@4.0.1)(@deepseek-ai/dsh-invariants@0.1.2-alpha.2(@deepseek-ai/cordis@4.0.1)))(@deepseek-ai/dsh-invariants@0.1.2-alpha.2(@deepseek-ai/cordis@4.0.1))':
    dependencies:
      '@deepseek-ai/cordis': 4.0.1(@deepseek-ai/cordis-plugin-include@1.0.6)(@deepseek-ai/cordis-plugin-loader@1.0.2)
      '@deepseek-ai/dsh-brand': 0.1.2-alpha.2(@deepseek-ai/cordis@4.0.1)(@deepseek-ai/dsh-invariants@0.1.2-alpha.2(@deepseek-ai/cordis@4.0.1))
      '@deepseek-ai/dsh-invariants': 0.1.2-alpha.2(@deepseek-ai/cordis@4.0.1)

  '@deepseek-ai/dsh-brand@0.1.2-alpha.2(@deepseek-ai/cordis@4.0.1)(@deepseek-ai/dsh-invariants@0.1.2-alpha.2(@deepseek-ai/cordis@4.0.1))':
    dependencies:
      '@deepseek-ai/cordis': 4.0.1(@deepseek-ai/cordis-plugin-include@1.0.6)(@deepseek-ai/cordis-plugin-loader@1.0.2)
      '@deepseek-ai/dsh-invariants': 0.1.2-alpha.2(@deepseek-ai/cordis@4.0.1)

  '@deepseek-ai/dsh-code-runtime@0.1.2-alpha.2(@deepseek-ai/cordis@4.0.1)(@deepseek-ai/dsh-invariants@0.1.2-alpha.2(@deepseek-ai/cordis@4.0.1))':
    dependencies:
      '@deepseek-ai/cordis': 4.0.1(@deepseek-ai/cordis-plugin-include@1.0.6)(@deepseek-ai/cordis-plugin-loader@1.0.2)
      '@deepseek-ai/dsh-invariants': 0.1.2-alpha.2(@deepseek-ai/cordis@4.0.1)

  '@deepseek-ai/dsh-commands@0.1.2-alpha.2(c928b4a949ac4e781c4d4aa6b960516f)':
    dependencies:
      '@deepseek-ai/cordis': 4.0.1(@deepseek-ai/cordis-plugin-include@1.0.6)(@deepseek-ai/cordis-plugin-loader@1.0.2)
      '@deepseek-ai/dsh-agent': 0.1.2-alpha.2(e1ae0aee111ccebec0f9d17342d96d6e)
      '@deepseek-ai/dsh-attachment': 0.1.2-alpha.2(@deepseek-ai/cordis@4.0.1)(@deepseek-ai/dsh-brand@0.1.2-alpha.2(@deepseek-ai/cordis@4.0.1)(@deepseek-ai/dsh-invariants@0.1.2-alpha.2(@deepseek-ai/cordis@4.0.1)))(@deepseek-ai/dsh-invariants@0.1.2-alpha.2(@deepseek-ai/cordis@4.0.1))
      '@deepseek-ai/dsh-brand': 0.1.2-alpha.2(@deepseek-ai/cordis@4.0.1)(@deepseek-ai/dsh-invariants@0.1.2-alpha.2(@deepseek-ai/cordis@4.0.1))
      '@deepseek-ai/dsh-invariants': 0.1.2-alpha.2(@deepseek-ai/cordis@4.0.1)
      '@deepseek-ai/dsh-llm': 0.1.2-alpha.2(@deepseek-ai/cordis@4.0.1)(@deepseek-ai/dsh-invariants@0.1.2-alpha.2(@deepseek-ai/cordis@4.0.1))
      '@deepseek-ai/dsh-scope': 0.1.2-alpha.2(@deepseek-ai/cordis@4.0.1)(@deepseek-ai/dsh-invariants@0.1.2-alpha.2(@deepseek-ai/cordis@4.0.1))
      '@deepseek-ai/dsh-session': 0.1.2-alpha.2(@deepseek-ai/cordis@4.0.1)(@deepseek-ai/dsh-invariants@0.1.2-alpha.2(@deepseek-ai/cordis@4.0.1))(@deepseek-ai/dsh-scope@0.1.2-alpha.2(@deepseek-ai/cordis@4.0.1)(@deepseek-ai/dsh-invariants@0.1.2-alpha.2(@deepseek-ai/cordis@4.0.1)))
      '@deepseek-ai/dsh-typert-protocol': 0.1.2-alpha.2(@deepseek-ai/cordis@4.0.1)(@deepseek-ai/dsh-invariants@0.1.2-alpha.2(@deepseek-ai/cordis@4.0.1))
      '@deepseek-ai/dsh-util-crypto': 0.1.2-alpha.2(@deepseek-ai/cordis@4.0.1)(@deepseek-ai/dsh-invariants@0.1.2-alpha.2(@deepseek-ai/cordis@4.0.1))
      zod: 4.5.4

  '@deepseek-ai/dsh-invariants@0.1.2-alpha.2(@deepseek-ai/cordis@4.0.1)':
    dependencies:
      '@deepseek-ai/cordis': 4.0.1(@deepseek-ai/cordis-plugin-include@1.0.6)(@deepseek-ai/cordis-plugin-loader@1.0.2)
      '@deepseek-ai/schemastery': 3.18.2

  '@deepseek-ai/dsh-llm@0.1.2-alpha.2(@deepseek-ai/cordis@4.0.1)(@deepseek-ai/dsh-invariants@0.1.2-alpha.2(@deepseek-ai/cordis@4.0.1))':
    dependencies:
      '@deepseek-ai/cordis': 4.0.1(@deepseek-ai/cordis-plugin-include@1.0.6)(@deepseek-ai/cordis-plugin-loader@1.0.2)
      '@deepseek-ai/dsh-brand': 0.1.2-alpha.2(@deepseek-ai/cordis@4.0.1)(@deepseek-ai/dsh-invariants@0.1.2-alpha.2(@deepseek-ai/cordis@4.0.1))
      '@deepseek-ai/dsh-timeout': 0.1.2-alpha.2(@deepseek-ai/cordis@4.0.1)(@deepseek-ai/dsh-invariants@0.1.2-alpha.2(@deepseek-ai/cordis@4.0.1))
      '@deepseek-ai/dsh-typert-protocol': 0.1.2-alpha.2(@deepseek-ai/cordis@4.0.1)(@deepseek-ai/dsh-invariants@0.1.2-alpha.2(@deepseek-ai/cordis@4.0.1))
      '@deepseek-ai/dsh-util-crypto': 0.1.2-alpha.2(@deepseek-ai/cordis@4.0.1)(@deepseek-ai/dsh-invariants@0.1.2-alpha.2(@deepseek-ai/cordis@4.0.1))
      '@deepseek-ai/dsh-util-values': 0.1.2-alpha.2(@deepseek-ai/cordis@4.0.1)(@deepseek-ai/dsh-invariants@0.1.2-alpha.2(@deepseek-ai/cordis@4.0.1))
      '@deepseek-ai/schemastery': 3.18.2
      zod: 4.5.4
    transitivePeerDependencies:
      - '@deepseek-ai/dsh-invariants'

  '@deepseek-ai/dsh-scope@0.1.2-alpha.2(@deepseek-ai/cordis@4.0.1)(@deepseek-ai/dsh-invariants@0.1.2-alpha.2(@deepseek-ai/cordis@4.0.1))':
    dependencies:
      '@deepseek-ai/cordis': 4.0.1(@deepseek-ai/cordis-plugin-include@1.0.6)(@deepseek-ai/cordis-plugin-loader@1.0.2)
      '@deepseek-ai/dsh-invariants': 0.1.2-alpha.2(@deepseek-ai/cordis@4.0.1)

  '@deepseek-ai/dsh-session-projection@0.1.2-alpha.2(@deepseek-ai/cordis@4.0.1)(@deepseek-ai/dsh-invariants@0.1.2-alpha.2(@deepseek-ai/cordis@4.0.1))(@deepseek-ai/dsh-session@0.1.2-alpha.2(@deepseek-ai/cordis@4.0.1)(@deepseek-ai/dsh-invariants@0.1.2-alpha.2(@deepseek-ai/cordis@4.0.1))(@deepseek-ai/dsh-scope@0.1.2-alpha.2(@deepseek-ai/cordis@4.0.1)(@deepseek-ai/dsh-invariants@0.1.2-alpha.2(@deepseek-ai/cordis@4.0.1))))':
    dependencies:
      '@deepseek-ai/cordis': 4.0.1(@deepseek-ai/cordis-plugin-include@1.0.6)(@deepseek-ai/cordis-plugin-loader@1.0.2)
      '@deepseek-ai/dsh-invariants': 0.1.2-alpha.2(@deepseek-ai/cordis@4.0.1)
      '@deepseek-ai/dsh-session': 0.1.2-alpha.2(@deepseek-ai/cordis@4.0.1)(@deepseek-ai/dsh-invariants@0.1.2-alpha.2(@deepseek-ai/cordis@4.0.1))(@deepseek-ai/dsh-scope@0.1.2-alpha.2(@deepseek-ai/cordis@4.0.1)(@deepseek-ai/dsh-invariants@0.1.2-alpha.2(@deepseek-ai/cordis@4.0.1)))
      zod: 4.5.4

  '@deepseek-ai/dsh-session@0.1.2-alpha.2(@deepseek-ai/cordis@4.0.1)(@deepseek-ai/dsh-invariants@0.1.2-alpha.2(@deepseek-ai/cordis@4.0.1))(@deepseek-ai/dsh-scope@0.1.2-alpha.2(@deepseek-ai/cordis@4.0.1)(@deepseek-ai/dsh-invariants@0.1.2-alpha.2(@deepseek-ai/cordis@4.0.1)))':
    dependencies:
      '@deepseek-ai/cordis': 4.0.1(@deepseek-ai/cordis-plugin-include@1.0.6)(@deepseek-ai/cordis-plugin-loader@1.0.2)
      '@deepseek-ai/dsh-brand': 0.1.2-alpha.2(@deepseek-ai/cordis@4.0.1)(@deepseek-ai/dsh-invariants@0.1.2-alpha.2(@deepseek-ai/cordis@4.0.1))
      '@deepseek-ai/dsh-llm': 0.1.2-alpha.2(@deepseek-ai/cordis@4.0.1)(@deepseek-ai/dsh-invariants@0.1.2-alpha.2(@deepseek-ai/cordis@4.0.1))
      '@deepseek-ai/dsh-scope': 0.1.2-alpha.2(@deepseek-ai/cordis@4.0.1)(@deepseek-ai/dsh-invariants@0.1.2-alpha.2(@deepseek-ai/cordis@4.0.1))
      '@deepseek-ai/dsh-util-values': 0.1.2-alpha.2(@deepseek-ai/cordis@4.0.1)(@deepseek-ai/dsh-invariants@0.1.2-alpha.2(@deepseek-ai/cordis@4.0.1))
    transitivePeerDependencies:
      - '@deepseek-ai/dsh-invariants'

  '@deepseek-ai/dsh-system-prompt@0.1.2-alpha.2(@deepseek-ai/cordis@4.0.1)(@deepseek-ai/dsh-invariants@0.1.2-alpha.2(@deepseek-ai/cordis@4.0.1))(@deepseek-ai/dsh-llm@0.1.2-alpha.2(@deepseek-ai/cordis@4.0.1)(@deepseek-ai/dsh-invariants@0.1.2-alpha.2(@deepseek-ai/cordis@4.0.1)))(@deepseek-ai/dsh-scope@0.1.2-alpha.2(@deepseek-ai/cordis@4.0.1)(@deepseek-ai/dsh-invariants@0.1.2-alpha.2(@deepseek-ai/cordis@4.0.1)))':
    dependencies:
      '@deepseek-ai/cordis': 4.0.1(@deepseek-ai/cordis-plugin-include@1.0.6)(@deepseek-ai/cordis-plugin-loader@1.0.2)
      '@deepseek-ai/dsh-invariants': 0.1.2-alpha.2(@deepseek-ai/cordis@4.0.1)
      '@deepseek-ai/dsh-llm': 0.1.2-alpha.2(@deepseek-ai/cordis@4.0.1)(@deepseek-ai/dsh-invariants@0.1.2-alpha.2(@deepseek-ai/cordis@4.0.1))
      '@deepseek-ai/dsh-scope': 0.1.2-alpha.2(@deepseek-ai/cordis@4.0.1)(@deepseek-ai/dsh-invariants@0.1.2-alpha.2(@deepseek-ai/cordis@4.0.1))
      '@deepseek-ai/schemastery': 3.18.2

  '@deepseek-ai/dsh-timeout@0.1.2-alpha.2(@deepseek-ai/cordis@4.0.1)(@deepseek-ai/dsh-invariants@0.1.2-alpha.2(@deepseek-ai/cordis@4.0.1))':
    dependencies:
      '@deepseek-ai/cordis': 4.0.1(@deepseek-ai/cordis-plugin-include@1.0.6)(@deepseek-ai/cordis-plugin-loader@1.0.2)
      '@deepseek-ai/dsh-invariants': 0.1.2-alpha.2(@deepseek-ai/cordis@4.0.1)

  '@deepseek-ai/dsh-tools@0.1.2-alpha.2(6e5c466e50469dec0d4be0873919b970)':
    dependencies:
      '@deepseek-ai/cordis': 4.0.1(@deepseek-ai/cordis-plugin-include@1.0.6)(@deepseek-ai/cordis-plugin-loader@1.0.2)
      '@deepseek-ai/dsh-agent': 0.1.2-alpha.2(e1ae0aee111ccebec0f9d17342d96d6e)
      '@deepseek-ai/dsh-brand': 0.1.2-alpha.2(@deepseek-ai/cordis@4.0.1)(@deepseek-ai/dsh-invariants@0.1.2-alpha.2(@deepseek-ai/cordis@4.0.1))
      '@deepseek-ai/dsh-code-runtime': 0.1.2-alpha.2(@deepseek-ai/cordis@4.0.1)(@deepseek-ai/dsh-invariants@0.1.2-alpha.2(@deepseek-ai/cordis@4.0.1))
      '@deepseek-ai/dsh-invariants': 0.1.2-alpha.2(@deepseek-ai/cordis@4.0.1)
      '@deepseek-ai/dsh-llm': 0.1.2-alpha.2(@deepseek-ai/cordis@4.0.1)(@deepseek-ai/dsh-invariants@0.1.2-alpha.2(@deepseek-ai/cordis@4.0.1))
      '@deepseek-ai/dsh-scope': 0.1.2-alpha.2(@deepseek-ai/cordis@4.0.1)(@deepseek-ai/dsh-invariants@0.1.2-alpha.2(@deepseek-ai/cordis@4.0.1))
      '@deepseek-ai/dsh-session': 0.1.2-alpha.2(@deepseek-ai/cordis@4.0.1)(@deepseek-ai/dsh-invariants@0.1.2-alpha.2(@deepseek-ai/cordis@4.0.1))(@deepseek-ai/dsh-scope@0.1.2-alpha.2(@deepseek-ai/cordis@4.0.1)(@deepseek-ai/dsh-invariants@0.1.2-alpha.2(@deepseek-ai/cordis@4.0.1)))
      '@deepseek-ai/dsh-system-prompt': 0.1.2-alpha.2(@deepseek-ai/cordis@4.0.1)(@deepseek-ai/dsh-invariants@0.1.2-alpha.2(@deepseek-ai/cordis@4.0.1))(@deepseek-ai/dsh-llm@0.1.2-alpha.2(@deepseek-ai/cordis@4.0.1)(@deepseek-ai/dsh-invariants@0.1.2-alpha.2(@deepseek-ai/cordis@4.0.1)))(@deepseek-ai/dsh-scope@0.1.2-alpha.2(@deepseek-ai/cordis@4.0.1)(@deepseek-ai/dsh-invariants@0.1.2-alpha.2(@deepseek-ai/cordis@4.0.1)))
      '@deepseek-ai/dsh-user-approval': 0.1.2-alpha.2(0182f845ba8d4cdef8bde71f8a121f13)
      '@deepseek-ai/dsh-util-values': 0.1.2-alpha.2(@deepseek-ai/cordis@4.0.1)(@deepseek-ai/dsh-invariants@0.1.2-alpha.2(@deepseek-ai/cordis@4.0.1))
      '@deepseek-ai/schemastery': 3.18.2

  '@deepseek-ai/dsh-typert-protocol@0.1.2-alpha.2(@deepseek-ai/cordis@4.0.1)(@deepseek-ai/dsh-invariants@0.1.2-alpha.2(@deepseek-ai/cordis@4.0.1))':
    dependencies:
      '@deepseek-ai/cordis': 4.0.1(@deepseek-ai/cordis-plugin-include@1.0.6)(@deepseek-ai/cordis-plugin-loader@1.0.2)
      '@deepseek-ai/dsh-invariants': 0.1.2-alpha.2(@deepseek-ai/cordis@4.0.1)

  '@deepseek-ai/dsh-user-approval@0.1.2-alpha.2(0182f845ba8d4cdef8bde71f8a121f13)':
    dependencies:
      '@deepseek-ai/cordis': 4.0.1(@deepseek-ai/cordis-plugin-include@1.0.6)(@deepseek-ai/cordis-plugin-loader@1.0.2)
      '@deepseek-ai/dsh-agent': 0.1.2-alpha.2(e1ae0aee111ccebec0f9d17342d96d6e)
      '@deepseek-ai/dsh-brand': 0.1.2-alpha.2(@deepseek-ai/cordis@4.0.1)(@deepseek-ai/dsh-invariants@0.1.2-alpha.2(@deepseek-ai/cordis@4.0.1))
      '@deepseek-ai/dsh-invariants': 0.1.2-alpha.2(@deepseek-ai/cordis@4.0.1)
      '@deepseek-ai/dsh-llm': 0.1.2-alpha.2(@deepseek-ai/cordis@4.0.1)(@deepseek-ai/dsh-invariants@0.1.2-alpha.2(@deepseek-ai/cordis@4.0.1))
      '@deepseek-ai/dsh-scope': 0.1.2-alpha.2(@deepseek-ai/cordis@4.0.1)(@deepseek-ai/dsh-invariants@0.1.2-alpha.2(@deepseek-ai/cordis@4.0.1))
      '@deepseek-ai/dsh-session': 0.1.2-alpha.2(@deepseek-ai/cordis@4.0.1)(@deepseek-ai/dsh-invariants@0.1.2-alpha.2(@deepseek-ai/cordis@4.0.1))(@deepseek-ai/dsh-scope@0.1.2-alpha.2(@deepseek-ai/cordis@4.0.1)(@deepseek-ai/dsh-invariants@0.1.2-alpha.2(@deepseek-ai/cordis@4.0.1)))
      '@deepseek-ai/dsh-system-prompt': 0.1.2-alpha.2(@deepseek-ai/cordis@4.0.1)(@deepseek-ai/dsh-invariants@0.1.2-alpha.2(@deepseek-ai/cordis@4.0.1))(@deepseek-ai/dsh-llm@0.1.2-alpha.2(@deepseek-ai/cordis@4.0.1)(@deepseek-ai/dsh-invariants@0.1.2-alpha.2(@deepseek-ai/cordis@4.0.1)))(@deepseek-ai/dsh-scope@0.1.2-alpha.2(@deepseek-ai/cordis@4.0.1)(@deepseek-ai/dsh-invariants@0.1.2-alpha.2(@deepseek-ai/cordis@4.0.1)))
      '@deepseek-ai/schemastery': 3.18.2

  '@deepseek-ai/dsh-util-crypto@0.1.2-alpha.2(@deepseek-ai/cordis@4.0.1)(@deepseek-ai/dsh-invariants@0.1.2-alpha.2(@deepseek-ai/cordis@4.0.1))':
    dependencies:
      '@deepseek-ai/cordis': 4.0.1(@deepseek-ai/cordis-plugin-include@1.0.6)(@deepseek-ai/cordis-plugin-loader@1.0.2)
      '@deepseek-ai/dsh-invariants': 0.1.2-alpha.2(@deepseek-ai/cordis@4.0.1)

  '@deepseek-ai/dsh-util-values@0.1.2-alpha.2(@deepseek-ai/cordis@4.0.1)(@deepseek-ai/dsh-invariants@0.1.2-alpha.2(@deepseek-ai/cordis@4.0.1))':
    dependencies:
      '@deepseek-ai/cordis': 4.0.1(@deepseek-ai/cordis-plugin-include@1.0.6)(@deepseek-ai/cordis-plugin-loader@1.0.2)
      '@deepseek-ai/dsh-invariants': 0.1.2-alpha.2(@deepseek-ai/cordis@4.0.1)

  '@deepseek-ai/schemastery@3.18.1':
    dependencies:
      '@deepseek-ai/cosmokit': 1.8.2
      '@standard-schema/spec': 1.1.0

  '@deepseek-ai/schemastery@3.18.2':
    dependencies:
      '@deepseek-ai/cosmokit': 1.8.3
      '@standard-schema/spec': 1.1.0

  '@oxlint/darwin-arm64@0.18.1':
    optional: true

  '@oxlint/darwin-x64@0.18.1':
    optional: true

  '@oxlint/linux-arm64-gnu@0.18.1':
    optional: true

  '@oxlint/linux-arm64-musl@0.18.1':
    optional: true

  '@oxlint/linux-x64-gnu@0.18.1':
    optional: true

  '@oxlint/linux-x64-musl@0.18.1':
    optional: true

  '@oxlint/win32-arm64@0.18.1':
    optional: true

  '@oxlint/win32-x64@0.18.1':
    optional: true

  '@standard-schema/spec@1.1.0': {}

  argparse@2.0.1: {}

  js-yaml@4.3.2:
    dependencies:
      argparse: 2.0.1

  oxlint@0.18.1:
    optionalDependencies:
      '@oxlint/darwin-arm64': 0.18.1
      '@oxlint/darwin-x64': 0.18.1
      '@oxlint/linux-arm64-gnu': 0.18.1
      '@oxlint/linux-arm64-musl': 0.18.1
      '@oxlint/linux-x64-gnu': 0.18.1
      '@oxlint/linux-x64-musl': 0.18.1
      '@oxlint/win32-arm64': 0.18.1
      '@oxlint/win32-x64': 0.18.1

  zod@4.5.4: {}
